
Microsoft Visual Studio Solution File, Format Version 12.00
# Visual Studio Version 17
VisualStudioVersion = 17.4.33110.190
MinimumVisualStudioVersion = 10.0.40219.1
Project("{FAE04EC0-301F-11D3-BF4B-00C04F79EFBC}") = "OTUS.SOLID", "OTUS.SOLID\OTUS.SOLID.csproj", "{2EFFF5D7-5B2A-4E98-961A-48986CC8C2AF}"
EndProject
Global
	GlobalSection(SolutionConfigurationPlatforms) = preSolution
		Debug|Any CPU = Debug|Any CPU
		Release|Any CPU = Release|Any CPU
	EndGlobalSection
	GlobalSection(ProjectConfigurationPlatforms) = postSolution
		{2EFFF5D7-5B2A-4E98-961A-48986CC8C2AF}.Debug|Any CPU.ActiveCfg = Debug|Any CPU
		{2EFFF5D7-5B2A-4E98-961A-48986CC8C2AF}.Debug|Any CPU.Build.0 = Debug|Any CPU
		{2EFFF5D7-5B2A-4E98-961A-48986CC8C2AF}.Release|Any CPU.ActiveCfg = Release|Any CPU
		{2EFFF5D7-5B2A-4E98-961A-48986CC8C2AF}.Release|Any CPU.Build.0 = Release|Any CPU
	EndGlobalSection
	GlobalSection(SolutionProperties) = preSolution
		HideSolutionNode = FALSE
	EndGlobalSection
	GlobalSection(ExtensibilityGlobals) = postSolution
		SolutionGuid = {F6A0DF57-DC28-4E00-B31B-39B9E34D7966}
	EndGlobalSection
EndGlobal
